// !$*UTF8*$!
{
	archiveVersion = 1;
	classes = {
	};
	objectVersion = 50;
	objects = {

/* Begin PBXBuildFile section */
		070904F722121826009F3462 /* Keys.plist in Resources */ = {isa = PBXBuildFile; fileRef = 0726EE4F2210852000C337F7 /* Keys.plist */; };
		070904FA22122064009F3462 /* UIColor+projectColors.m in Sources */ = {isa = PBXBuildFile; fileRef = 070904F922122064009F3462 /* UIColor+projectColors.m */; };
		0726EE0F22104FC600C337F7 /* AppDelegate.m in Sources */ = {isa = PBXBuildFile; fileRef = 0726EE0E22104FC600C337F7 /* AppDelegate.m */; };
		0726EE1522104FC600C337F7 /* Main.storyboard in Resources */ = {isa = PBXBuildFile; fileRef = 0726EE1322104FC600C337F7 /* Main.storyboard */; };
		0726EE1722104FC600C337F7 /* Assets.xcassets in Resources */ = {isa = PBXBuildFile; fileRef = 0726EE1622104FC600C337F7 /* Assets.xcassets */; };
		0726EE1A22104FC600C337F7 /* LaunchScreen.storyboard in Resources */ = {isa = PBXBuildFile; fileRef = 0726EE1822104FC600C337F7 /* LaunchScreen.storyboard */; };
		0726EE1D22104FC600C337F7 /* main.m in Sources */ = {isa = PBXBuildFile; fileRef = 0726EE1C22104FC600C337F7 /* main.m */; };
		0726EE452210830500C337F7 /* DefaultAPIClient.m in Sources */ = {isa = PBXBuildFile; fileRef = 0726EE432210830500C337F7 /* DefaultAPIClient.m */; };
		0726EE4D2210839B00C337F7 /* DiscoverResponse.m in Sources */ = {isa = PBXBuildFile; fileRef = 0726EE4B2210839B00C337F7 /* DiscoverResponse.m */; };
		0726EE4E2210839B00C337F7 /* DiscoverResult.m in Sources */ = {isa = PBXBuildFile; fileRef = 0726EE4C2210839B00C337F7 /* DiscoverResult.m */; };
		07B17BFD2210B6520037C03B /* DiscoverMoviesViewController.m in Sources */ = {isa = PBXBuildFile; fileRef = 07B17BF62210B6520037C03B /* DiscoverMoviesViewController.m */; };
		07B17BFE2210B6520037C03B /* DiscoverMoviesInteractor.m in Sources */ = {isa = PBXBuildFile; fileRef = 07B17BF72210B6520037C03B /* DiscoverMoviesInteractor.m */; };
		07B17BFF2210B6520037C03B /* DiscoverMoviesWireframe.m in Sources */ = {isa = PBXBuildFile; fileRef = 07B17BF82210B6520037C03B /* DiscoverMoviesWireframe.m */; };
		07B17C002210B6520037C03B /* DiscoverMoviesPresenter.m in Sources */ = {isa = PBXBuildFile; fileRef = 07B17BF92210B6520037C03B /* DiscoverMoviesPresenter.m */; };
		07B17C0422114BD00037C03B /* MovieCollectionViewCell.m in Sources */ = {isa = PBXBuildFile; fileRef = 07B17C0322114BD00037C03B /* MovieCollectionViewCell.m */; };
		07B17C0C22115B890037C03B /* DisplayDiscoverMovie.m in Sources */ = {isa = PBXBuildFile; fileRef = 07B17C0B22115B880037C03B /* DisplayDiscoverMovie.m */; };
		07B17C0F221161440037C03B /* NSArray+map.m in Sources */ = {isa = PBXBuildFile; fileRef = 07B17C0E221161440037C03B /* NSArray+map.m */; };
		91BB8F830C2913A0E6749A9E /* Pods_FilmsObjcRestrospectiveUITests.framework in Frameworks */ = {isa = PBXBuildFile; fileRef = 6E5389EE365329F2B7BFEFD8 /* Pods_FilmsObjcRestrospectiveUITests.framework */; };
		DBEDC907F66FF038EB7FB755 /* Pods_FilmsObjcRestrospectiveTests.framework in Frameworks */ = {isa = PBXBuildFile; fileRef = 19FE42DFBC799310577462B6 /* Pods_FilmsObjcRestrospectiveTests.framework */; };
		F9413844966780E745C0862E /* Pods_FilmsObjcRestrospective.framework in Frameworks */ = {isa = PBXBuildFile; fileRef = D70266396023D778B065B0FA /* Pods_FilmsObjcRestrospective.framework */; };
/* End PBXBuildFile section */

/* Begin PBXContainerItemProxy section */
		0726EE2322104FC600C337F7 /* PBXContainerItemProxy */ = {
			isa = PBXContainerItemProxy;
			containerPortal = 0726EE0222104FC500C337F7 /* Project object */;
			proxyType = 1;
			remoteGlobalIDString = 0726EE0922104FC500C337F7;
			remoteInfo = FilmsObjcRestrospective;
		};
		0726EE2E22104FC700C337F7 /* PBXContainerItemProxy */ = {
			isa = PBXContainerItemProxy;
			containerPortal = 0726EE0222104FC500C337F7 /* Project object */;
			proxyType = 1;
			remoteGlobalIDString = 0726EE0922104FC500C337F7;
			remoteInfo = FilmsObjcRestrospective;
		};
/* End PBXContainerItemProxy section */

/* Begin PBXFileReference section */
		070904F822122064009F3462 /* UIColor+projectColors.h */ = {isa = PBXFileReference; lastKnownFileType = sourcecode.c.h; path = "UIColor+projectColors.h"; sourceTree = "<group>"; };
		070904F922122064009F3462 /* UIColor+projectColors.m */ = {isa = PBXFileReference; lastKnownFileType = sourcecode.c.objc; path = "UIColor+projectColors.m"; sourceTree = "<group>"; };
		0726EE0A22104FC500C337F7 /* FilmsObjcRestrospective.app */ = {isa = PBXFileReference; explicitFileType = wrapper.application; includeInIndex = 0; path = FilmsObjcRestrospective.app; sourceTree = BUILT_PRODUCTS_DIR; };
		0726EE0D22104FC500C337F7 /* AppDelegate.h */ = {isa = PBXFileReference; lastKnownFileType = sourcecode.c.h; path = AppDelegate.h; sourceTree = "<group>"; };
		0726EE0E22104FC600C337F7 /* AppDelegate.m */ = {isa = PBXFileReference; lastKnownFileType = sourcecode.c.objc; path = AppDelegate.m; sourceTree = "<group>"; };
		0726EE1422104FC600C337F7 /* Base */ = {isa = PBXFileReference; lastKnownFileType = file.storyboard; name = Base; path = Base.lproj/Main.storyboard; sourceTree = "<group>"; };
		0726EE1622104FC600C337F7 /* Assets.xcassets */ = {isa = PBXFileReference; lastKnownFileType = folder.assetcatalog; path = Assets.xcassets; sourceTree = "<group>"; };
		0726EE1922104FC600C337F7 /* Base */ = {isa = PBXFileReference; lastKnownFileType = file.storyboard; name = Base; path = Base.lproj/LaunchScreen.storyboard; sourceTree = "<group>"; };
		0726EE1B22104FC600C337F7 /* Info.plist */ = {isa = PBXFileReference; lastKnownFileType = text.plist.xml; path = Info.plist; sourceTree = "<group>"; };
		0726EE1C22104FC600C337F7 /* main.m */ = {isa = PBXFileReference; lastKnownFileType = sourcecode.c.objc; path = main.m; sourceTree = "<group>"; };
		0726EE2222104FC600C337F7 /* FilmsObjcRestrospectiveTests.xctest */ = {isa = PBXFileReference; explicitFileType = wrapper.cfbundle; includeInIndex = 0; path = FilmsObjcRestrospectiveTests.xctest; sourceTree = BUILT_PRODUCTS_DIR; };
		0726EE2822104FC600C337F7 /* Info.plist */ = {isa = PBXFileReference; lastKnownFileType = text.plist.xml; path = Info.plist; sourceTree = "<group>"; };
		0726EE2D22104FC700C337F7 /* FilmsObjcRestrospectiveUITests.xctest */ = {isa = PBXFileReference; explicitFileType = wrapper.cfbundle; includeInIndex = 0; path = FilmsObjcRestrospectiveUITests.xctest; sourceTree = BUILT_PRODUCTS_DIR; };
		0726EE3322104FC700C337F7 /* Info.plist */ = {isa = PBXFileReference; lastKnownFileType = text.plist.xml; path = Info.plist; sourceTree = "<group>"; };
		0726EE422210830500C337F7 /* APIClient.h */ = {isa = PBXFileReference; fileEncoding = 4; lastKnownFileType = sourcecode.c.h; path = APIClient.h; sourceTree = "<group>"; };
		0726EE432210830500C337F7 /* DefaultAPIClient.m */ = {isa = PBXFileReference; fileEncoding = 4; lastKnownFileType = sourcecode.c.objc; path = DefaultAPIClient.m; sourceTree = "<group>"; };
		0726EE442210830500C337F7 /* DefaultAPIClient.h */ = {isa = PBXFileReference; fileEncoding = 4; lastKnownFileType = sourcecode.c.h; path = DefaultAPIClient.h; sourceTree = "<group>"; };
		0726EE492210839B00C337F7 /* DiscoverResult.h */ = {isa = PBXFileReference; fileEncoding = 4; lastKnownFileType = sourcecode.c.h; path = DiscoverResult.h; sourceTree = "<group>"; };
		0726EE4A2210839B00C337F7 /* DiscoverResponse.h */ = {isa = PBXFileReference; fileEncoding = 4; lastKnownFileType = sourcecode.c.h; path = DiscoverResponse.h; sourceTree = "<group>"; };
		0726EE4B2210839B00C337F7 /* DiscoverResponse.m */ = {isa = PBXFileReference; fileEncoding = 4; lastKnownFileType = sourcecode.c.objc; path = DiscoverResponse.m; sourceTree = "<group>"; };
		0726EE4C2210839B00C337F7 /* DiscoverResult.m */ = {isa = PBXFileReference; fileEncoding = 4; lastKnownFileType = sourcecode.c.objc; path = DiscoverResult.m; sourceTree = "<group>"; };
		0726EE4F2210852000C337F7 /* Keys.plist */ = {isa = PBXFileReference; fileEncoding = 4; lastKnownFileType = text.plist.xml; path = Keys.plist; sourceTree = SOURCE_ROOT; };
		07B17BF42210B6520037C03B /* DiscoverMoviesWireframe.h */ = {isa = PBXFileReference; lastKnownFileType = sourcecode.c.h; path = DiscoverMoviesWireframe.h; sourceTree = "<group>"; };
		07B17BF52210B6520037C03B /* DiscoverMoviesPresenter.h */ = {isa = PBXFileReference; lastKnownFileType = sourcecode.c.h; path = DiscoverMoviesPresenter.h; sourceTree = "<group>"; };
		07B17BF62210B6520037C03B /* DiscoverMoviesViewController.m */ = {isa = PBXFileReference; lastKnownFileType = sourcecode.c.objc; path = DiscoverMoviesViewController.m; sourceTree = "<group>"; };
		07B17BF72210B6520037C03B /* DiscoverMoviesInteractor.m */ = {isa = PBXFileReference; lastKnownFileType = sourcecode.c.objc; path = DiscoverMoviesInteractor.m; sourceTree = "<group>"; };
		07B17BF82210B6520037C03B /* DiscoverMoviesWireframe.m */ = {isa = PBXFileReference; lastKnownFileType = sourcecode.c.objc; path = DiscoverMoviesWireframe.m; sourceTree = "<group>"; };
		07B17BF92210B6520037C03B /* DiscoverMoviesPresenter.m */ = {isa = PBXFileReference; lastKnownFileType = sourcecode.c.objc; path = DiscoverMoviesPresenter.m; sourceTree = "<group>"; };
		07B17BFA2210B6520037C03B /* DiscoverMovies_Protocols.h */ = {isa = PBXFileReference; lastKnownFileType = sourcecode.c.h; path = DiscoverMovies_Protocols.h; sourceTree = "<group>"; };
		07B17BFB2210B6520037C03B /* DiscoverMoviesInteractor.h */ = {isa = PBXFileReference; lastKnownFileType = sourcecode.c.h; path = DiscoverMoviesInteractor.h; sourceTree = "<group>"; };
		07B17BFC2210B6520037C03B /* DiscoverMoviesViewController.h */ = {isa = PBXFileReference; lastKnownFileType = sourcecode.c.h; path = DiscoverMoviesViewController.h; sourceTree = "<group>"; };
		07B17C0222114BD00037C03B /* MovieCollectionViewCell.h */ = {isa = PBXFileReference; lastKnownFileType = sourcecode.c.h; path = MovieCollectionViewCell.h; sourceTree = "<group>"; };
		07B17C0322114BD00037C03B /* MovieCollectionViewCell.m */ = {isa = PBXFileReference; lastKnownFileType = sourcecode.c.objc; path = MovieCollectionViewCell.m; sourceTree = "<group>"; };
		07B17C0A22115B880037C03B /* DisplayDiscoverMovie.h */ = {isa = PBXFileReference; fileEncoding = 4; lastKnownFileType = sourcecode.c.h; path = DisplayDiscoverMovie.h; sourceTree = "<group>"; };
		07B17C0B22115B880037C03B /* DisplayDiscoverMovie.m */ = {isa = PBXFileReference; fileEncoding = 4; lastKnownFileType = sourcecode.c.objc; path = DisplayDiscoverMovie.m; sourceTree = "<group>"; };
		07B17C0D221161440037C03B /* NSArray+map.h */ = {isa = PBXFileReference; lastKnownFileType = sourcecode.c.h; path = "NSArray+map.h"; sourceTree = "<group>"; };
		07B17C0E221161440037C03B /* NSArray+map.m */ = {isa = PBXFileReference; lastKnownFileType = sourcecode.c.objc; path = "NSArray+map.m"; sourceTree = "<group>"; };
		19FE42DFBC799310577462B6 /* Pods_FilmsObjcRestrospectiveTests.framework */ = {isa = PBXFileReference; explicitFileType = wrapper.framework; includeInIndex = 0; path = Pods_FilmsObjcRestrospectiveTests.framework; sourceTree = BUILT_PRODUCTS_DIR; };
		27AAF89A60123C387300A30C /* Pods-FilmsObjcRestrospectiveTests.debug.xcconfig */ = {isa = PBXFileReference; includeInIndex = 1; lastKnownFileType = text.xcconfig; name = "Pods-FilmsObjcRestrospectiveTests.debug.xcconfig"; path = "Pods/Target Support Files/Pods-FilmsObjcRestrospectiveTests/Pods-FilmsObjcRestrospectiveTests.debug.xcconfig"; sourceTree = "<group>"; };
		5A96473016040569CAFAACF0 /* Pods-FilmsObjcRestrospectiveUITests.debug.xcconfig */ = {isa = PBXFileReference; includeInIndex = 1; lastKnownFileType = text.xcconfig; name = "Pods-FilmsObjcRestrospectiveUITests.debug.xcconfig"; path = "Pods/Target Support Files/Pods-FilmsObjcRestrospectiveUITests/Pods-FilmsObjcRestrospectiveUITests.debug.xcconfig"; sourceTree = "<group>"; };
		5EE953E1C4EBBC24EE7422DE /* Pods-FilmsObjcRestrospectiveTests.release.xcconfig */ = {isa = PBXFileReference; includeInIndex = 1; lastKnownFileType = text.xcconfig; name = "Pods-FilmsObjcRestrospectiveTests.release.xcconfig"; path = "Pods/Target Support Files/Pods-FilmsObjcRestrospectiveTests/Pods-FilmsObjcRestrospectiveTests.release.xcconfig"; sourceTree = "<group>"; };
		6E5389EE365329F2B7BFEFD8 /* Pods_FilmsObjcRestrospectiveUITests.framework */ = {isa = PBXFileReference; explicitFileType = wrapper.framework; includeInIndex = 0; path = Pods_FilmsObjcRestrospectiveUITests.framework; sourceTree = BUILT_PRODUCTS_DIR; };
		7F08F03117D89F939A393F3B /* Pods-FilmsObjcRestrospective.release.xcconfig */ = {isa = PBXFileReference; includeInIndex = 1; lastKnownFileType = text.xcconfig; name = "Pods-FilmsObjcRestrospective.release.xcconfig"; path = "Pods/Target Support Files/Pods-FilmsObjcRestrospective/Pods-FilmsObjcRestrospective.release.xcconfig"; sourceTree = "<group>"; };
		B7464ACC4DA8A128C59E4E91 /* Pods-FilmsObjcRestrospectiveUITests.release.xcconfig */ = {isa = PBXFileReference; includeInIndex = 1; lastKnownFileType = text.xcconfig; name = "Pods-FilmsObjcRestrospectiveUITests.release.xcconfig"; path = "Pods/Target Support Files/Pods-FilmsObjcRestrospectiveUITests/Pods-FilmsObjcRestrospectiveUITests.release.xcconfig"; sourceTree = "<group>"; };
		D70266396023D778B065B0FA /* Pods_FilmsObjcRestrospective.framework */ = {isa = PBXFileReference; explicitFileType = wrapper.framework; includeInIndex = 0; path = Pods_FilmsObjcRestrospective.framework; sourceTree = BUILT_PRODUCTS_DIR; };
		EE415F8B4C95F685CAA81694 /* Pods-FilmsObjcRestrospective.debug.xcconfig */ = {isa = PBXFileReference; includeInIndex = 1; lastKnownFileType = text.xcconfig; name = "Pods-FilmsObjcRestrospective.debug.xcconfig"; path = "Pods/Target Support Files/Pods-FilmsObjcRestrospective/Pods-FilmsObjcRestrospective.debug.xcconfig"; sourceTree = "<group>"; };
/* End PBXFileReference section */

/* Begin PBXFrameworksBuildPhase section */
		0726EE0722104FC500C337F7 /* Frameworks */ = {
			isa = PBXFrameworksBuildPhase;
			buildActionMask = 2147483647;
			files = (
				F9413844966780E745C0862E /* Pods_FilmsObjcRestrospective.framework in Frameworks */,
			);
			runOnlyForDeploymentPostprocessing = 0;
		};
		0726EE1F22104FC600C337F7 /* Frameworks */ = {
			isa = PBXFrameworksBuildPhase;
			buildActionMask = 2147483647;
			files = (
				DBEDC907F66FF038EB7FB755 /* Pods_FilmsObjcRestrospectiveTests.framework in Frameworks */,
			);
			runOnlyForDeploymentPostprocessing = 0;
		};
		0726EE2A22104FC700C337F7 /* Frameworks */ = {
			isa = PBXFrameworksBuildPhase;
			buildActionMask = 2147483647;
			files = (
				91BB8F830C2913A0E6749A9E /* Pods_FilmsObjcRestrospectiveUITests.framework in Frameworks */,
			);
			runOnlyForDeploymentPostprocessing = 0;
		};
/* End PBXFrameworksBuildPhase section */

/* Begin PBXGroup section */
		0726EE0122104FC500C337F7 = {
			isa = PBXGroup;
			children = (
				0726EE0C22104FC500C337F7 /* FilmsObjcRestrospective */,
				0726EE2522104FC600C337F7 /* FilmsObjcRestrospectiveTests */,
				0726EE3022104FC700C337F7 /* FilmsObjcRestrospectiveUITests */,
				0726EE0B22104FC500C337F7 /* Products */,
				E469876013D50B99EB1CA039 /* Pods */,
				7C2375D627172124EEA04AEE /* Frameworks */,
			);
			sourceTree = "<group>";
		};
		0726EE0B22104FC500C337F7 /* Products */ = {
			isa = PBXGroup;
			children = (
				0726EE0A22104FC500C337F7 /* FilmsObjcRestrospective.app */,
				0726EE2222104FC600C337F7 /* FilmsObjcRestrospectiveTests.xctest */,
				0726EE2D22104FC700C337F7 /* FilmsObjcRestrospectiveUITests.xctest */,
			);
			name = Products;
			sourceTree = "<group>";
		};
		0726EE0C22104FC500C337F7 /* FilmsObjcRestrospective */ = {
			isa = PBXGroup;
			children = (
				0726EE0D22104FC500C337F7 /* AppDelegate.h */,
				0726EE0E22104FC600C337F7 /* AppDelegate.m */,
				07B17C10221161AC0037C03B /* Categories */,
				0726EE412210830500C337F7 /* Network */,
				07B17BC92210AB550037C03B /* Scenes */,
				0726EE1322104FC600C337F7 /* Main.storyboard */,
				0726EE1622104FC600C337F7 /* Assets.xcassets */,
				0726EE1822104FC600C337F7 /* LaunchScreen.storyboard */,
				0726EE1B22104FC600C337F7 /* Info.plist */,
				0726EE4F2210852000C337F7 /* Keys.plist */,
				0726EE1C22104FC600C337F7 /* main.m */,
			);
			path = FilmsObjcRestrospective;
			sourceTree = "<group>";
		};
		0726EE2522104FC600C337F7 /* FilmsObjcRestrospectiveTests */ = {
			isa = PBXGroup;
			children = (
				0726EE2822104FC600C337F7 /* Info.plist */,
			);
			path = FilmsObjcRestrospectiveTests;
			sourceTree = "<group>";
		};
		0726EE3022104FC700C337F7 /* FilmsObjcRestrospectiveUITests */ = {
			isa = PBXGroup;
			children = (
				0726EE3322104FC700C337F7 /* Info.plist */,
			);
			path = FilmsObjcRestrospectiveUITests;
			sourceTree = "<group>";
		};
		0726EE412210830500C337F7 /* Network */ = {
			isa = PBXGroup;
			children = (
				0726EE462210839B00C337F7 /* Models */,
				0726EE422210830500C337F7 /* APIClient.h */,
				0726EE442210830500C337F7 /* DefaultAPIClient.h */,
				0726EE432210830500C337F7 /* DefaultAPIClient.m */,
			);
			path = Network;
			sourceTree = "<group>";
		};
		0726EE462210839B00C337F7 /* Models */ = {
			isa = PBXGroup;
			children = (
				0726EE472210839B00C337F7 /* Movie */,
				0726EE482210839B00C337F7 /* Discover */,
			);
			path = Models;
			sourceTree = "<group>";
		};
		0726EE472210839B00C337F7 /* Movie */ = {
			isa = PBXGroup;
			children = (
			);
			path = Movie;
			sourceTree = "<group>";
		};
		0726EE482210839B00C337F7 /* Discover */ = {
			isa = PBXGroup;
			children = (
				0726EE4A2210839B00C337F7 /* DiscoverResponse.h */,
				0726EE4B2210839B00C337F7 /* DiscoverResponse.m */,
				0726EE492210839B00C337F7 /* DiscoverResult.h */,
				0726EE4C2210839B00C337F7 /* DiscoverResult.m */,
			);
			path = Discover;
			sourceTree = "<group>";
		};
		07B17BC92210AB550037C03B /* Scenes */ = {
			isa = PBXGroup;
			children = (
				07B17BCA2210AB550037C03B /* DiscoverMovies */,
			);
			path = Scenes;
			sourceTree = "<group>";
		};
		07B17BCA2210AB550037C03B /* DiscoverMovies */ = {
			isa = PBXGroup;
			children = (
				07B17BFA2210B6520037C03B /* DiscoverMovies_Protocols.h */,
				07B17BFB2210B6520037C03B /* DiscoverMoviesInteractor.h */,
				07B17BF72210B6520037C03B /* DiscoverMoviesInteractor.m */,
				07B17BF52210B6520037C03B /* DiscoverMoviesPresenter.h */,
				07B17BF92210B6520037C03B /* DiscoverMoviesPresenter.m */,
				07B17C0922115B880037C03B /* Model */,
				07B17BFC2210B6520037C03B /* DiscoverMoviesViewController.h */,
				07B17BF62210B6520037C03B /* DiscoverMoviesViewController.m */,
				07B17BF42210B6520037C03B /* DiscoverMoviesWireframe.h */,
				07B17BF82210B6520037C03B /* DiscoverMoviesWireframe.m */,
				07B17C0122114B860037C03B /* Views */,
			);
			path = DiscoverMovies;
			sourceTree = "<group>";
		};
		07B17C0122114B860037C03B /* Views */ = {
			isa = PBXGroup;
			children = (
				07B17C0222114BD00037C03B /* MovieCollectionViewCell.h */,
				07B17C0322114BD00037C03B /* MovieCollectionViewCell.m */,
			);
			path = Views;
			sourceTree = "<group>";
		};
		07B17C0922115B880037C03B /* Model */ = {
			isa = PBXGroup;
			children = (
				07B17C0A22115B880037C03B /* DisplayDiscoverMovie.h */,
				07B17C0B22115B880037C03B /* DisplayDiscoverMovie.m */,
			);
			path = Model;
			sourceTree = "<group>";
		};
		07B17C10221161AC0037C03B /* Categories */ = {
			isa = PBXGroup;
			children = (
				07B17C0D221161440037C03B /* NSArray+map.h */,
				07B17C0E221161440037C03B /* NSArray+map.m */,
				070904F822122064009F3462 /* UIColor+projectColors.h */,
				070904F922122064009F3462 /* UIColor+projectColors.m */,
			);
			path = Categories;
			sourceTree = "<group>";
		};
		7C2375D627172124EEA04AEE /* Frameworks */ = {
			isa = PBXGroup;
			children = (
				D70266396023D778B065B0FA /* Pods_FilmsObjcRestrospective.framework */,
				19FE42DFBC799310577462B6 /* Pods_FilmsObjcRestrospectiveTests.framework */,
				6E5389EE365329F2B7BFEFD8 /* Pods_FilmsObjcRestrospectiveUITests.framework */,
			);
			name = Frameworks;
			sourceTree = "<group>";
		};
		E469876013D50B99EB1CA039 /* Pods */ = {
			isa = PBXGroup;
			children = (
				EE415F8B4C95F685CAA81694 /* Pods-FilmsObjcRestrospective.debug.xcconfig */,
				7F08F03117D89F939A393F3B /* Pods-FilmsObjcRestrospective.release.xcconfig */,
				27AAF89A60123C387300A30C /* Pods-FilmsObjcRestrospectiveTests.debug.xcconfig */,
				5EE953E1C4EBBC24EE7422DE /* Pods-FilmsObjcRestrospectiveTests.release.xcconfig */,
				5A96473016040569CAFAACF0 /* Pods-FilmsObjcRestrospectiveUITests.debug.xcconfig */,
				B7464ACC4DA8A128C59E4E91 /* Pods-FilmsObjcRestrospectiveUITests.release.xcconfig */,
			);
			name = Pods;
			sourceTree = "<group>";
		};
/* End PBXGroup section */

/* Begin PBXNativeTarget section */
		0726EE0922104FC500C337F7 /* FilmsObjcRestrospective */ = {
			isa = PBXNativeTarget;
			buildConfigurationList = 0726EE3622104FC700C337F7 /* Build configuration list for PBXNativeTarget "FilmsObjcRestrospective" */;
			buildPhases = (
				C1CB29527D4EE5F73080E573 /* [CP] Check Pods Manifest.lock */,
				0726EE0622104FC500C337F7 /* Sources */,
				0726EE0722104FC500C337F7 /* Frameworks */,
				0726EE0822104FC500C337F7 /* Resources */,
				2A7367F414640B0DBF7DF041 /* [CP] Embed Pods Frameworks */,
			);
			buildRules = (
			);
			dependencies = (
			);
			name = FilmsObjcRestrospective;
			productName = FilmsObjcRestrospective;
			productReference = 0726EE0A22104FC500C337F7 /* FilmsObjcRestrospective.app */;
			productType = "com.apple.product-type.application";
		};
		0726EE2122104FC600C337F7 /* FilmsObjcRestrospectiveTests */ = {
			isa = PBXNativeTarget;
			buildConfigurationList = 0726EE3922104FC700C337F7 /* Build configuration list for PBXNativeTarget "FilmsObjcRestrospectiveTests" */;
			buildPhases = (
				1A94EE7D70BA4B29F3A027B2 /* [CP] Check Pods Manifest.lock */,
				0726EE1E22104FC600C337F7 /* Sources */,
				0726EE1F22104FC600C337F7 /* Frameworks */,
				0726EE2022104FC600C337F7 /* Resources */,
			);
			buildRules = (
			);
			dependencies = (
				0726EE2422104FC600C337F7 /* PBXTargetDependency */,
			);
			name = FilmsObjcRestrospectiveTests;
			productName = FilmsObjcRestrospectiveTests;
			productReference = 0726EE2222104FC600C337F7 /* FilmsObjcRestrospectiveTests.xctest */;
			productType = "com.apple.product-type.bundle.unit-test";
		};
		0726EE2C22104FC700C337F7 /* FilmsObjcRestrospectiveUITests */ = {
			isa = PBXNativeTarget;
			buildConfigurationList = 0726EE3C22104FC700C337F7 /* Build configuration list for PBXNativeTarget "FilmsObjcRestrospectiveUITests" */;
			buildPhases = (
				C2F46898F9C44561297DE457 /* [CP] Check Pods Manifest.lock */,
				0726EE2922104FC700C337F7 /* Sources */,
				0726EE2A22104FC700C337F7 /* Frameworks */,
				0726EE2B22104FC700C337F7 /* Resources */,
			);
			buildRules = (
			);
			dependencies = (
				0726EE2F22104FC700C337F7 /* PBXTargetDependency */,
			);
			name = FilmsObjcRestrospectiveUITests;
			productName = FilmsObjcRestrospectiveUITests;
			productReference = 0726EE2D22104FC700C337F7 /* FilmsObjcRestrospectiveUITests.xctest */;
			productType = "com.apple.product-type.bundle.ui-testing";
		};
/* End PBXNativeTarget section */

/* Begin PBXProject section */
		0726EE0222104FC500C337F7 /* Project object */ = {
			isa = PBXProject;
			attributes = {
				LastUpgradeCheck = 1010;
				ORGANIZATIONNAME = "Carlos García Nieto";
				TargetAttributes = {
					0726EE0922104FC500C337F7 = {
						CreatedOnToolsVersion = 10.1;
					};
					0726EE2122104FC600C337F7 = {
						CreatedOnToolsVersion = 10.1;
						TestTargetID = 0726EE0922104FC500C337F7;
					};
					0726EE2C22104FC700C337F7 = {
						CreatedOnToolsVersion = 10.1;
						TestTargetID = 0726EE0922104FC500C337F7;
					};
				};
			};
			buildConfigurationList = 0726EE0522104FC500C337F7 /* Build configuration list for PBXProject "FilmsObjcRestrospective" */;
			compatibilityVersion = "Xcode 9.3";
			developmentRegion = en;
			hasScannedForEncodings = 0;
			knownRegions = (
				en,
				Base,
			);
			mainGroup = 0726EE0122104FC500C337F7;
			productRefGroup = 0726EE0B22104FC500C337F7 /* Products */;
			projectDirPath = "";
			projectRoot = "";
			targets = (
				0726EE0922104FC500C337F7 /* FilmsObjcRestrospective */,
				0726EE2122104FC600C337F7 /* FilmsObjcRestrospectiveTests */,
				0726EE2C22104FC700C337F7 /* FilmsObjcRestrospectiveUITests */,
			);
		};
/* End PBXProject section */

/* Begin PBXResourcesBuildPhase section */
		0726EE0822104FC500C337F7 /* Resources */ = {
			isa = PBXResourcesBuildPhase;
			buildActionMask = 2147483647;
			files = (
				070904F722121826009F3462 /* Keys.plist in Resources */,
				0726EE1A22104FC600C337F7 /* LaunchScreen.storyboard in Resources */,
				0726EE1722104FC600C337F7 /* Assets.xcassets in Resources */,
				0726EE1522104FC600C337F7 /* Main.storyboard in Resources */,
			);
			runOnlyForDeploymentPostprocessing = 0;
		};
		0726EE2022104FC600C337F7 /* Resources */ = {
			isa = PBXResourcesBuildPhase;
			buildActionMask = 2147483647;
			files = (
			);
			runOnlyForDeploymentPostprocessing = 0;
		};
		0726EE2B22104FC700C337F7 /* Resources */ = {
			isa = PBXResourcesBuildPhase;
			buildActionMask = 2147483647;
			files = (
			);
			runOnlyForDeploymentPostprocessing = 0;
		};
/* End PBXResourcesBuildPhase section */

/* Begin PBXShellScriptBuildPhase section */
		1A94EE7D70BA4B29F3A027B2 /* [CP] Check Pods Manifest.lock */ = {
			isa = PBXShellScriptBuildPhase;
			buildActionMask = 2147483647;
			files = (
			);
			inputFileListPaths = (
			);
			inputPaths = (
				"${PODS_PODFILE_DIR_PATH}/Podfile.lock",
				"${PODS_ROOT}/Manifest.lock",
			);
			name = "[CP] Check Pods Manifest.lock";
			outputFileListPaths = (
			);
			outputPaths = (
				"$(DERIVED_FILE_DIR)/Pods-FilmsObjcRestrospectiveTests-checkManifestLockResult.txt",
			);
			runOnlyForDeploymentPostprocessing = 0;
			shellPath = /bin/sh;
			shellScript = "diff \"${PODS_PODFILE_DIR_PATH}/Podfile.lock\" \"${PODS_ROOT}/Manifest.lock\" > /dev/null\nif [ $? != 0 ] ; then\n    # print error to STDERR\n    echo \"error: The sandbox is not in sync with the Podfile.lock. Run 'pod install' or update your CocoaPods installation.\" >&2\n    exit 1\nfi\n# This output is used by Xcode 'outputs' to avoid re-running this script phase.\necho \"SUCCESS\" > \"${SCRIPT_OUTPUT_FILE_0}\"\n";
			showEnvVarsInLog = 0;
		};
		2A7367F414640B0DBF7DF041 /* [CP] Embed Pods Frameworks */ = {
			isa = PBXShellScriptBuildPhase;
			buildActionMask = 2147483647;
			files = (
			);
			inputFileListPaths = (
			);
			inputPaths = (
				"${SRCROOT}/Pods/Target Support Files/Pods-FilmsObjcRestrospective/Pods-FilmsObjcRestrospective-frameworks.sh",
				"${BUILT_PRODUCTS_DIR}/AFNetworking/AFNetworking.framework",
				"${BUILT_PRODUCTS_DIR}/Bagel/Bagel.framework",
				"${BUILT_PRODUCTS_DIR}/Bolts/Bolts.framework",
				"${BUILT_PRODUCTS_DIR}/CocoaAsyncSocket/CocoaAsyncSocket.framework",
				"${BUILT_PRODUCTS_DIR}/MTLManagedObjectAdapter/MTLManagedObjectAdapter.framework",
				"${BUILT_PRODUCTS_DIR}/Mantle/Mantle.framework",
			);
			name = "[CP] Embed Pods Frameworks";
			outputFileListPaths = (
			);
			outputPaths = (
				"${TARGET_BUILD_DIR}/${FRAMEWORKS_FOLDER_PATH}/AFNetworking.framework",
				"${TARGET_BUILD_DIR}/${FRAMEWORKS_FOLDER_PATH}/Bagel.framework",
				"${TARGET_BUILD_DIR}/${FRAMEWORKS_FOLDER_PATH}/Bolts.framework",
				"${TARGET_BUILD_DIR}/${FRAMEWORKS_FOLDER_PATH}/CocoaAsyncSocket.framework",
				"${TARGET_BUILD_DIR}/${FRAMEWORKS_FOLDER_PATH}/MTLManagedObjectAdapter.framework",
				"${TARGET_BUILD_DIR}/${FRAMEWORKS_FOLDER_PATH}/Mantle.framework",
			);
			runOnlyForDeploymentPostprocessing = 0;
			shellPath = /bin/sh;
			shellScript = "\"${SRCROOT}/Pods/Target Support Files/Pods-FilmsObjcRestrospective/Pods-FilmsObjcRestrospective-frameworks.sh\"\n";
			showEnvVarsInLog = 0;
		};
		C1CB29527D4EE5F73080E573 /* [CP] Check Pods Manifest.lock */ = {
			isa = PBXShellScriptBuildPhase;
			buildActionMask = 2147483647;
			files = (
			);
			inputFileListPaths = (
			);
			inputPaths = (
				"${PODS_PODFILE_DIR_PATH}/Podfile.lock",
				"${PODS_ROOT}/Manifest.lock",
			);
			name = "[CP] Check Pods Manifest.lock";
			outputFileListPaths = (
			);
			outputPaths = (
				"$(DERIVED_FILE_DIR)/Pods-FilmsObjcRestrospective-checkManifestLockResult.txt",
			);
			runOnlyForDeploymentPostprocessing = 0;
			shellPath = /bin/sh;
			shellScript = "diff \"${PODS_PODFILE_DIR_PATH}/Podfile.lock\" \"${PODS_ROOT}/Manifest.lock\" > /dev/null\nif [ $? != 0 ] ; then\n    # print error to STDERR\n    echo \"error: The sandbox is not in sync with the Podfile.lock. Run 'pod install' or update your CocoaPods installation.\" >&2\n    exit 1\nfi\n# This output is used by Xcode 'outputs' to avoid re-running this script phase.\necho \"SUCCESS\" > \"${SCRIPT_OUTPUT_FILE_0}\"\n";
			showEnvVarsInLog = 0;
		};
		C2F46898F9C44561297DE457 /* [CP] Check Pods Manifest.lock */ = {
			isa = PBXShellScriptBuildPhase;
			buildActionMask = 2147483647;
			files = (
			);
			inputFileListPaths = (
			);
			inputPaths = (
				"${PODS_PODFILE_DIR_PATH}/Podfile.lock",
				"${PODS_ROOT}/Manifest.lock",
			);
			name = "[CP] Check Pods Manifest.lock";
			outputFileListPaths = (
			);
			outputPaths = (
				"$(DERIVED_FILE_DIR)/Pods-FilmsObjcRestrospectiveUITests-checkManifestLockResult.txt",
			);
			runOnlyForDeploymentPostprocessing = 0;
			shellPath = /bin/sh;
			shellScript = "diff \"${PODS_PODFILE_DIR_PATH}/Podfile.lock\" \"${PODS_ROOT}/Manifest.lock\" > /dev/null\nif [ $? != 0 ] ; then\n    # print error to STDERR\n    echo \"error: The sandbox is not in sync with the Podfile.lock. Run 'pod install' or update your CocoaPods installation.\" >&2\n    exit 1\nfi\n# This output is used by Xcode 'outputs' to avoid re-running this script phase.\necho \"SUCCESS\" > \"${SCRIPT_OUTPUT_FILE_0}\"\n";
			showEnvVarsInLog = 0;
		};
/* End PBXShellScriptBuildPhase section */

/* Begin PBXSourcesBuildPhase section */
		0726EE0622104FC500C337F7 /* Sources */ = {
			isa = PBXSourcesBuildPhase;
			buildActionMask = 2147483647;
			files = (
				07B17BFF2210B6520037C03B /* DiscoverMoviesWireframe.m in Sources */,
				07B17C0422114BD00037C03B /* MovieCollectionViewCell.m in Sources */,
				0726EE1D22104FC600C337F7 /* main.m in Sources */,
				0726EE4E2210839B00C337F7 /* DiscoverResult.m in Sources */,
				0726EE452210830500C337F7 /* DefaultAPIClient.m in Sources */,
				0726EE0F22104FC600C337F7 /* AppDelegate.m in Sources */,
				07B17BFD2210B6520037C03B /* DiscoverMoviesViewController.m in Sources */,
				07B17C0C22115B890037C03B /* DisplayDiscoverMovie.m in Sources */,
				07B17BFE2210B6520037C03B /* DiscoverMoviesInteractor.m in Sources */,
				07B17C0F221161440037C03B /* NSArray+map.m in Sources */,
				07B17C002210B6520037C03B /* DiscoverMoviesPresenter.m in Sources */,
				070904FA22122064009F3462 /* UIColor+projectColors.m in Sources */,
				0726EE4D2210839B00C337F7 /* DiscoverResponse.m in Sources */,
			);
			runOnlyForDeploymentPostprocessing = 0;
		};
		0726EE1E22104FC600C337F7 /* Sources */ = {
			isa = PBXSourcesBuildPhase;
			buildActionMask = 2147483647;
			files = (
			);
			runOnlyForDeploymentPostprocessing = 0;
		};
		0726EE2922104FC700C337F7 /* Sources */ = {
			isa = PBXSourcesBuildPhase;
			buildActionMask = 2147483647;
			files = (
			);
			runOnlyForDeploymentPostprocessing = 0;
		};
/* End PBXSourcesBuildPhase section */

/* Begin PBXTargetDependency section */
		0726EE2422104FC600C337F7 /* PBXTargetDependency */ = {
			isa = PBXTargetDependency;
			target = 0726EE0922104FC500C337F7 /* FilmsObjcRestrospective */;
			targetProxy = 0726EE2322104FC600C337F7 /* PBXContainerItemProxy */;
		};
		0726EE2F22104FC700C337F7 /* PBXTargetDependency */ = {
			isa = PBXTargetDependency;
			target = 0726EE0922104FC500C337F7 /* FilmsObjcRestrospective */;
			targetProxy = 0726EE2E22104FC700C337F7 /* PBXContainerItemProxy */;
		};
/* End PBXTargetDependency section */

/* Begin PBXVariantGroup section */
		0726EE1322104FC600C337F7 /* Main.storyboard */ = {
			isa = PBXVariantGroup;
			children = (
				0726EE1422104FC600C337F7 /* Base */,
			);
			name = Main.storyboard;
			sourceTree = "<group>";
		};
		0726EE1822104FC600C337F7 /* LaunchScreen.storyboard */ = {
			isa = PBXVariantGroup;
			children = (
				0726EE1922104FC600C337F7 /* Base */,
			);
			name = LaunchScreen.storyboard;
			sourceTree = "<group>";
		};
/* End PBXVariantGroup section */

/* Begin XCBuildConfiguration section */
		0726EE3422104FC700C337F7 /* Debug */ = {
			isa = XCBuildConfiguration;
			buildSettings = {
				ALWAYS_SEARCH_USER_PATHS = NO;
				CLANG_ANALYZER_NONNULL = YES;
				CLANG_ANALYZER_NUMBER_OBJECT_CONVERSION = YES_AGGRESSIVE;
				CLANG_CXX_LANGUAGE_STANDARD = "gnu++14";
				CLANG_CXX_LIBRARY = "libc++";
				CLANG_ENABLE_MODULES = YES;
				CLANG_ENABLE_OBJC_ARC = YES;
				CLANG_ENABLE_OBJC_WEAK = YES;
				CLANG_WARN_BLOCK_CAPTURE_AUTORELEASING = YES;
				CLANG_WARN_BOOL_CONVERSION = YES;
				CLANG_WARN_COMMA = YES;
				CLANG_WARN_CONSTANT_CONVERSION = YES;
				CLANG_WARN_DEPRECATED_OBJC_IMPLEMENTATIONS = YES;
				CLANG_WARN_DIRECT_OBJC_ISA_USAGE = YES_ERROR;
				CLANG_WARN_DOCUMENTATION_COMMENTS = YES;
				CLANG_WARN_EMPTY_BODY = YES;
				CLANG_WARN_ENUM_CONVERSION = YES;
				CLANG_WARN_INFINITE_RECURSION = YES;
				CLANG_WARN_INT_CONVERSION = YES;
				CLANG_WARN_NON_LITERAL_NULL_CONVERSION = YES;
				CLANG_WARN_OBJC_IMPLICIT_RETAIN_SELF = YES;
				CLANG_WARN_OBJC_LITERAL_CONVERSION = YES;
				CLANG_WARN_OBJC_ROOT_CLASS = YES_ERROR;
				CLANG_WARN_RANGE_LOOP_ANALYSIS = YES;
				CLANG_WARN_STRICT_PROTOTYPES = YES;
				CLANG_WARN_SUSPICIOUS_MOVE = YES;
				CLANG_WARN_UNGUARDED_AVAILABILITY = YES_AGGRESSIVE;
				CLANG_WARN_UNREACHABLE_CODE = YES;
				CLANG_WARN__DUPLICATE_METHOD_MATCH = YES;
				CODE_SIGN_IDENTITY = "iPhone Developer";
				COPY_PHASE_STRIP = NO;
				DEBUG_INFORMATION_FORMAT = dwarf;
				ENABLE_STRICT_OBJC_MSGSEND = YES;
				ENABLE_TESTABILITY = YES;
				GCC_C_LANGUAGE_STANDARD = gnu11;
				GCC_DYNAMIC_NO_PIC = NO;
				GCC_NO_COMMON_BLOCKS = YES;
				GCC_OPTIMIZATION_LEVEL = 0;
				GCC_PREPROCESSOR_DEFINITIONS = (
					"DEBUG=1",
					"$(inherited)",
				);
				GCC_WARN_64_TO_32_BIT_CONVERSION = YES;
				GCC_WARN_ABOUT_RETURN_TYPE = YES_ERROR;
				GCC_WARN_UNDECLARED_SELECTOR = YES;
				GCC_WARN_UNINITIALIZED_AUTOS = YES_AGGRESSIVE;
				GCC_WARN_UNUSED_FUNCTION = YES;
				GCC_WARN_UNUSED_VARIABLE = YES;
				IPHONEOS_DEPLOYMENT_TARGET = 10.0;
				MTL_ENABLE_DEBUG_INFO = INCLUDE_SOURCE;
				MTL_FAST_MATH = YES;
				ONLY_ACTIVE_ARCH = YES;
				SDKROOT = iphoneos;
			};
			name = Debug;
		};
		0726EE3522104FC700C337F7 /* Release */ = {
			isa = XCBuildConfiguration;
			buildSettings = {
				ALWAYS_SEARCH_USER_PATHS = NO;
				CLANG_ANALYZER_NONNULL = YES;
				CLANG_ANALYZER_NUMBER_OBJECT_CONVERSION = YES_AGGRESSIVE;
				CLANG_CXX_LANGUAGE_STANDARD = "gnu++14";
				CLANG_CXX_LIBRARY = "libc++";
				CLANG_ENABLE_MODULES = YES;
				CLANG_ENABLE_OBJC_ARC = YES;
				CLANG_ENABLE_OBJC_WEAK = YES;
				CLANG_WARN_BLOCK_CAPTURE_AUTORELEASING = YES;
				CLANG_WARN_BOOL_CONVERSION = YES;
				CLANG_WARN_COMMA = YES;
				CLANG_WARN_CONSTANT_CONVERSION = YES;
				CLANG_WARN_DEPRECATED_OBJC_IMPLEMENTATIONS = YES;
				CLANG_WARN_DIRECT_OBJC_ISA_USAGE = YES_ERROR;
				CLANG_WARN_DOCUMENTATION_COMMENTS = YES;
				CLANG_WARN_EMPTY_BODY = YES;
				CLANG_WARN_ENUM_CONVERSION = YES;
				CLANG_WARN_INFINITE_RECURSION = YES;
				CLANG_WARN_INT_CONVERSION = YES;
				CLANG_WARN_NON_LITERAL_NULL_CONVERSION = YES;
				CLANG_WARN_OBJC_IMPLICIT_RETAIN_SELF = YES;
				CLANG_WARN_OBJC_LITERAL_CONVERSION = YES;
				CLANG_WARN_OBJC_ROOT_CLASS = YES_ERROR;
				CLANG_WARN_RANGE_LOOP_ANALYSIS = YES;
				CLANG_WARN_STRICT_PROTOTYPES = YES;
				CLANG_WARN_SUSPICIOUS_MOVE = YES;
				CLANG_WARN_UNGUARDED_AVAILABILITY = YES_AGGRESSIVE;
				CLANG_WARN_UNREACHABLE_CODE = YES;
				CLANG_WARN__DUPLICATE_METHOD_MATCH = YES;
				CODE_SIGN_IDENTITY = "iPhone Developer";
				COPY_PHASE_STRIP = NO;
				DEBUG_INFORMATION_FORMAT = "dwarf-with-dsym";
				ENABLE_NS_ASSERTIONS = NO;
				ENABLE_STRICT_OBJC_MSGSEND = YES;
				GCC_C_LANGUAGE_STANDARD = gnu11;
				GCC_NO_COMMON_BLOCKS = YES;
				GCC_WARN_64_TO_32_BIT_CONVERSION = YES;
				GCC_WARN_ABOUT_RETURN_TYPE = YES_ERROR;
				GCC_WARN_UNDECLARED_SELECTOR = YES;
				GCC_WARN_UNINITIALIZED_AUTOS = YES_AGGRESSIVE;
				GCC_WARN_UNUSED_FUNCTION = YES;
				GCC_WARN_UNUSED_VARIABLE = YES;
				IPHONEOS_DEPLOYMENT_TARGET = 10.0;
				MTL_ENABLE_DEBUG_INFO = NO;
				MTL_FAST_MATH = YES;
				SDKROOT = iphoneos;
				VALIDATE_PRODUCT = YES;
			};
			name = Release;
		};
		0726EE3722104FC700C337F7 /* Debug */ = {
			isa = XCBuildConfiguration;
			baseConfigurationReference = EE415F8B4C95F685CAA81694 /* Pods-FilmsObjcRestrospective.debug.xcconfig */;
			buildSettings = {
				ASSETCATALOG_COMPILER_APPICON_NAME = AppIcon;
				CODE_SIGN_STYLE = Automatic;
				DEVELOPMENT_TEAM = 2V65Z4JB29;
				INFOPLIST_FILE = FilmsObjcRestrospective/Info.plist;
				LD_RUNPATH_SEARCH_PATHS = (
					"$(inherited)",
					"@executable_path/Frameworks",
				);
				PRODUCT_BUNDLE_IDENTIFIER = es.carlosypunto.FilmsObjcRestrospective;
				PRODUCT_NAME = "$(TARGET_NAME)";
				TARGETED_DEVICE_FAMILY = "1,2";
			};
			name = Debug;
		};
		0726EE3822104FC700C337F7 /* Release */ = {
			isa = XCBuildConfiguration;
			baseConfigurationReference = 7F08F03117D89F939A393F3B /* Pods-FilmsObjcRestrospective.release.xcconfig */;
			buildSettings = {
				ASSETCATALOG_COMPILER_APPICON_NAME = AppIcon;
				CODE_SIGN_STYLE = Automatic;
				DEVELOPMENT_TEAM = 2V65Z4JB29;
				INFOPLIST_FILE = FilmsObjcRestrospective/Info.plist;
				LD_RUNPATH_SEARCH_PATHS = (
					"$(inherited)",
					"@executable_path/Frameworks",
				);
				PRODUCT_BUNDLE_IDENTIFIER = es.carlosypunto.FilmsObjcRestrospective;
				PRODUCT_NAME = "$(TARGET_NAME)";
				TARGETED_DEVICE_FAMILY = "1,2";
			};
			name = Release;
		};
		0726EE3A22104FC700C337F7 /* Debug */ = {
			isa = XCBuildConfiguration;
			baseConfigurationReference = 27AAF89A60123C387300A30C /* Pods-FilmsObjcRestrospectiveTests.debug.xcconfig */;
			buildSettings = {
				BUNDLE_LOADER = "$(TEST_HOST)";
				CODE_SIGN_STYLE = Automatic;
				DEVELOPMENT_TEAM = 2V65Z4JB29;
				INFOPLIST_FILE = FilmsObjcRestrospectiveTests/Info.plist;
				LD_RUNPATH_SEARCH_PATHS = (
					"$(inherited)",
					"@executable_path/Frameworks",
					"@loader_path/Frameworks",
				);
				PRODUCT_BUNDLE_IDENTIFIER = es.carlosypunto.FilmsObjcRestrospectiveTests;
				PRODUCT_NAME = "$(TARGET_NAME)";
				TARGETED_DEVICE_FAMILY = "1,2";
				TEST_HOST = "$(BUILT_PRODUCTS_DIR)/FilmsObjcRestrospective.app/FilmsObjcRestrospective";
			};
			name = Debug;
		};
		0726EE3B22104FC700C337F7 /* Release */ = {
			isa = XCBuildConfiguration;
			baseConfigurationReference = 5EE953E1C4EBBC24EE7422DE /* Pods-FilmsObjcRestrospectiveTests.release.xcconfig */;
			buildSettings = {
				BUNDLE_LOADER = "$(TEST_HOST)";
				CODE_SIGN_STYLE = Automatic;
				DEVELOPMENT_TEAM = 2V65Z4JB29;
				INFOPLIST_FILE = FilmsObjcRestrospectiveTests/Info.plist;
				LD_RUNPATH_SEARCH_PATHS = (
					"$(inherited)",
					"@executable_path/Frameworks",
					"@loader_path/Frameworks",
				);
				PRODUCT_BUNDLE_IDENTIFIER = es.carlosypunto.FilmsObjcRestrospectiveTests;
				PRODUCT_NAME = "$(TARGET_NAME)";
				TARGETED_DEVICE_FAMILY = "1,2";
				TEST_HOST = "$(BUILT_PRODUCTS_DIR)/FilmsObjcRestrospective.app/FilmsObjcRestrospective";
			};
			name = Release;
		};
		0726EE3D22104FC700C337F7 /* Debug */ = {
			isa = XCBuildConfiguration;
			baseConfigurationReference = 5A96473016040569CAFAACF0 /* Pods-FilmsObjcRestrospectiveUITests.debug.xcconfig */;
			buildSettings = {
				CODE_SIGN_STYLE = Automatic;
				DEVELOPMENT_TEAM = 2V65Z4JB29;
				INFOPLIST_FILE = FilmsObjcRestrospectiveUITests/Info.plist;
				LD_RUNPATH_SEARCH_PATHS = (
					"$(inherited)",
					"@executable_path/Frameworks",
					"@loader_path/Frameworks",
				);
				PRODUCT_BUNDLE_IDENTIFIER = es.carlosypunto.FilmsObjcRestrospectiveUITests;
				PRODUCT_NAME = "$(TARGET_NAME)";
				TARGETED_DEVICE_FAMILY = "1,2";
				TEST_TARGET_NAME = FilmsObjcRestrospective;
			};
			name = Debug;
		};
		0726EE3E22104FC700C337F7 /* Release */ = {
			isa = XCBuildConfiguration;
			baseConfigurationReference = B7464ACC4DA8A128C59E4E91 /* Pods-FilmsObjcRestrospectiveUITests.release.xcconfig */;
			buildSettings = {
				CODE_SIGN_STYLE = Automatic;
				DEVELOPMENT_TEAM = 2V65Z4JB29;
				INFOPLIST_FILE = FilmsObjcRestrospectiveUITests/Info.plist;
				LD_RUNPATH_SEARCH_PATHS = (
					"$(inherited)",
					"@executable_path/Frameworks",
					"@loader_path/Frameworks",
				);
				PRODUCT_BUNDLE_IDENTIFIER = es.carlosypunto.FilmsObjcRestrospectiveUITests;
				PRODUCT_NAME = "$(TARGET_NAME)";
				TARGETED_DEVICE_FAMILY = "1,2";
				TEST_TARGET_NAME = FilmsObjcRestrospective;
			};
			name = Release;
		};
/* End XCBuildConfiguration section */

/* Begin XCConfigurationList section */
		0726EE0522104FC500C337F7 /* Build configuration list for PBXProject "FilmsObjcRestrospective" */ = {
			isa = XCConfigurationList;
			buildConfigurations = (
				0726EE3422104FC700C337F7 /* Debug */,
				0726EE3522104FC700C337F7 /* Release */,
			);
			defaultConfigurationIsVisible = 0;
			defaultConfigurationName = Release;
		};
		0726EE3622104FC700C337F7 /* Build configuration list for PBXNativeTarget "FilmsObjcRestrospective" */ = {
			isa = XCConfigurationList;
			buildConfigurations = (
				0726EE3722104FC700C337F7 /* Debug */,
				0726EE3822104FC700C337F7 /* Release */,
			);
			defaultConfigurationIsVisible = 0;
			defaultConfigurationName = Release;
		};
		0726EE3922104FC700C337F7 /* Build configuration list for PBXNativeTarget "FilmsObjcRestrospectiveTests" */ = {
			isa = XCConfigurationList;
			buildConfigurations = (
				0726EE3A22104FC700C337F7 /* Debug */,
				0726EE3B22104FC700C337F7 /* Release */,
			);
			defaultConfigurationIsVisible = 0;
			defaultConfigurationName = Release;
		};
		0726EE3C22104FC700C337F7 /* Build configuration list for PBXNativeTarget "FilmsObjcRestrospectiveUITests" */ = {
			isa = XCConfigurationList;
			buildConfigurations = (
				0726EE3D22104FC700C337F7 /* Debug */,
				0726EE3E22104FC700C337F7 /* Release */,
			);
			defaultConfigurationIsVisible = 0;
			defaultConfigurationName = Release;
		};
/* End XCConfigurationList section */
	};
	rootObject = 0726EE0222104FC500C337F7 /* Project object */;
}
